
Microsoft Visual Studio Solution File, Format Version 12.00
# Visual Studio Version 16
VisualStudioVersion = 16.0.30413.136
MinimumVisualStudioVersion = 10.0.40219.1
Project("{FAE04EC0-301F-11D3-BF4B-00C04F79EFBC}") = "Controller", "Controller.csproj", "{F1E82F64-2BF2-4FB1-B476-4EC7C4596D41}"
EndProject
Global
	GlobalSection(SolutionConfigurationPlatforms) = preSolution
		Debug|Any CPU = Debug|Any CPU
		Release|Any CPU = Release|Any CPU
	EndGlobalSection
	GlobalSection(ProjectConfigurationPlatforms) = postSolution
		{F1E82F64-2BF2-4FB1-B476-4EC7C4596D41}.Debug|Any CPU.ActiveCfg = Debug|Any CPU
		{F1E82F64-2BF2-4FB1-B476-4EC7C4596D41}.Debug|Any CPU.Build.0 = Debug|Any CPU
		{F1E82F64-2BF2-4FB1-B476-4EC7C4596D41}.Release|Any CPU.ActiveCfg = Release|Any CPU
		{F1E82F64-2BF2-4FB1-B476-4EC7C4596D41}.Release|Any CPU.Build.0 = Release|Any CPU
	EndGlobalSection
	GlobalSection(SolutionProperties) = preSolution
		HideSolutionNode = FALSE
	EndGlobalSection
	GlobalSection(ExtensibilityGlobals) = postSolution
		SolutionGuid = {873F33F2-EB23-425D-B40B-A558FBE54BFC}
	EndGlobalSection
EndGlobal
